
Microsoft Visual Studio Solution File, Format Version 12.00
# Visual Studio 15
VisualStudioVersion = 15.0.26430.4
MinimumVisualStudioVersion = 10.0.40219.1
Project("{FAE04EC0-301F-11D3-BF4B-00C04F79EFBC}") = "SimpleShooting", "SimpleShooting\SimpleShooting.csproj", "{491349F5-C152-40E6-A942-024E17FCA5F2}"
EndProject
Global
	GlobalSection(SolutionConfigurationPlatforms) = preSolution
		Debug|Any CPU = Debug|Any CPU
		Release|Any CPU = Release|Any CPU
	EndGlobalSection
	GlobalSection(ProjectConfigurationPlatforms) = postSolution
		{491349F5-C152-40E6-A942-024E17FCA5F2}.Debug|Any CPU.ActiveCfg = Debug|Any CPU
		{491349F5-C152-40E6-A942-024E17FCA5F2}.Debug|Any CPU.Build.0 = Debug|Any CPU
		{491349F5-C152-40E6-A942-024E17FCA5F2}.Release|Any CPU.ActiveCfg = Release|Any CPU
		{491349F5-C152-40E6-A942-024E17FCA5F2}.Release|Any CPU.Build.0 = Release|Any CPU
	EndGlobalSection
	GlobalSection(SolutionProperties) = preSolution
		HideSolutionNode = FALSE
	EndGlobalSection
EndGlobal
